
Microsoft Visual Studio Solution File, Format Version 11.00
# Visual Studio 2010
Project("{F184B08F-C81C-45F6-A57F-5ABD9991F28F}") = "Setup3.5", "Setup3.5\Setup3.5.vbproj", "{A23C484B-C714-4052-B7D5-97D4B8A73765}"
EndProject
Project("{F184B08F-C81C-45F6-A57F-5ABD9991F28F}") = "Setup4", "Setup4\Setup4.vbproj", "{F11B72F3-181C-4CB7-B05F-B1C1784EA052}"
EndProject
Project("{F184B08F-C81C-45F6-A57F-5ABD9991F28F}") = "SetupWPF4", "SetupWPF4\SetupWPF4.vbproj", "{BB94A1DD-6245-4B41-B0D8-DA978DD853CB}"
EndProject
Project("{F184B08F-C81C-45F6-A57F-5ABD9991F28F}") = "SetupWPF3.5", "SetupWPF3.5\SetupWPF3.5.vbproj", "{4B143D14-661A-4F58-A84C-839DF7B6A7FC}"
EndProject
Project("{F184B08F-C81C-45F6-A57F-5ABD9991F28F}") = "Setup2", "Setup2\Setup2.vbproj", "{D591571E-2B20-4680-A743-A9193267C54B}"
EndProject
Project("{F184B08F-C81C-45F6-A57F-5ABD9991F28F}") = "Outlook2007Addin", "Outlook2007Addin\Outlook2007Addin.vbproj", "{ECE016D4-D19B-4E2A-B1ED-2D41289C8D0E}"
EndProject
Project("{F184B08F-C81C-45F6-A57F-5ABD9991F28F}") = "Outlook2010AddIn", "Outlook2010AddIn\Outlook2010AddIn.vbproj", "{1C1424C9-D1C3-40C4-8A26-50792AEDE3BE}"
EndProject
Project("{54435603-DBB4-11D2-8724-00A0C9A8B90C}") = "SetupOutlook2007Addin", "SetupOutlook2007Addin\SetupOutlook2007Addin.vdproj", "{E50CBED6-251B-4552-B400-073BF4372961}"
EndProject
Project("{54435603-DBB4-11D2-8724-00A0C9A8B90C}") = "SetupOutlook2010Addin", "SetupOutlook2010Addin\SetupOutlook2010Addin.vdproj", "{9C8F6001-FD55-49C2-9D21-99683F886004}"
EndProject
Global
	GlobalSection(SolutionConfigurationPlatforms) = preSolution
		Debug|Any CPU = Debug|Any CPU
		Debug|x86 = Debug|x86
		Release|Any CPU = Release|Any CPU
		Release|x86 = Release|x86
	EndGlobalSection
	GlobalSection(ProjectConfigurationPlatforms) = postSolution
		{A23C484B-C714-4052-B7D5-97D4B8A73765}.Debug|Any CPU.ActiveCfg = Debug|Any CPU
		{A23C484B-C714-4052-B7D5-97D4B8A73765}.Debug|Any CPU.Build.0 = Debug|Any CPU
		{A23C484B-C714-4052-B7D5-97D4B8A73765}.Debug|x86.ActiveCfg = Debug|x86
		{A23C484B-C714-4052-B7D5-97D4B8A73765}.Debug|x86.Build.0 = Debug|x86
		{A23C484B-C714-4052-B7D5-97D4B8A73765}.Release|Any CPU.ActiveCfg = Release|Any CPU
		{A23C484B-C714-4052-B7D5-97D4B8A73765}.Release|Any CPU.Build.0 = Release|Any CPU
		{A23C484B-C714-4052-B7D5-97D4B8A73765}.Release|x86.ActiveCfg = Release|x86
		{A23C484B-C714-4052-B7D5-97D4B8A73765}.Release|x86.Build.0 = Release|x86
		{F11B72F3-181C-4CB7-B05F-B1C1784EA052}.Debug|Any CPU.ActiveCfg = Debug|Any CPU
		{F11B72F3-181C-4CB7-B05F-B1C1784EA052}.Debug|Any CPU.Build.0 = Debug|Any CPU
		{F11B72F3-181C-4CB7-B05F-B1C1784EA052}.Debug|x86.ActiveCfg = Debug|x86
		{F11B72F3-181C-4CB7-B05F-B1C1784EA052}.Debug|x86.Build.0 = Debug|x86
		{F11B72F3-181C-4CB7-B05F-B1C1784EA052}.Release|Any CPU.ActiveCfg = Release|Any CPU
		{F11B72F3-181C-4CB7-B05F-B1C1784EA052}.Release|Any CPU.Build.0 = Release|Any CPU
		{F11B72F3-181C-4CB7-B05F-B1C1784EA052}.Release|x86.ActiveCfg = Release|x86
		{F11B72F3-181C-4CB7-B05F-B1C1784EA052}.Release|x86.Build.0 = Release|x86
		{BB94A1DD-6245-4B41-B0D8-DA978DD853CB}.Debug|Any CPU.ActiveCfg = Debug|Any CPU
		{BB94A1DD-6245-4B41-B0D8-DA978DD853CB}.Debug|Any CPU.Build.0 = Debug|Any CPU
		{BB94A1DD-6245-4B41-B0D8-DA978DD853CB}.Debug|x86.ActiveCfg = Debug|x86
		{BB94A1DD-6245-4B41-B0D8-DA978DD853CB}.Debug|x86.Build.0 = Debug|x86
		{BB94A1DD-6245-4B41-B0D8-DA978DD853CB}.Release|Any CPU.ActiveCfg = Release|Any CPU
		{BB94A1DD-6245-4B41-B0D8-DA978DD853CB}.Release|Any CPU.Build.0 = Release|Any CPU
		{BB94A1DD-6245-4B41-B0D8-DA978DD853CB}.Release|x86.ActiveCfg = Release|x86
		{BB94A1DD-6245-4B41-B0D8-DA978DD853CB}.Release|x86.Build.0 = Release|x86
		{4B143D14-661A-4F58-A84C-839DF7B6A7FC}.Debug|Any CPU.ActiveCfg = Debug|Any CPU
		{4B143D14-661A-4F58-A84C-839DF7B6A7FC}.Debug|Any CPU.Build.0 = Debug|Any CPU
		{4B143D14-661A-4F58-A84C-839DF7B6A7FC}.Debug|x86.ActiveCfg = Debug|x86
		{4B143D14-661A-4F58-A84C-839DF7B6A7FC}.Debug|x86.Build.0 = Debug|x86
		{4B143D14-661A-4F58-A84C-839DF7B6A7FC}.Release|Any CPU.ActiveCfg = Release|Any CPU
		{4B143D14-661A-4F58-A84C-839DF7B6A7FC}.Release|Any CPU.Build.0 = Release|Any CPU
		{4B143D14-661A-4F58-A84C-839DF7B6A7FC}.Release|x86.ActiveCfg = Release|x86
		{4B143D14-661A-4F58-A84C-839DF7B6A7FC}.Release|x86.Build.0 = Release|x86
		{D591571E-2B20-4680-A743-A9193267C54B}.Debug|Any CPU.ActiveCfg = Debug|Any CPU
		{D591571E-2B20-4680-A743-A9193267C54B}.Debug|Any CPU.Build.0 = Debug|Any CPU
		{D591571E-2B20-4680-A743-A9193267C54B}.Debug|x86.ActiveCfg = Debug|x86
		{D591571E-2B20-4680-A743-A9193267C54B}.Debug|x86.Build.0 = Debug|x86
		{D591571E-2B20-4680-A743-A9193267C54B}.Release|Any CPU.ActiveCfg = Release|Any CPU
		{D591571E-2B20-4680-A743-A9193267C54B}.Release|Any CPU.Build.0 = Release|Any CPU
		{D591571E-2B20-4680-A743-A9193267C54B}.Release|x86.ActiveCfg = Release|x86
		{D591571E-2B20-4680-A743-A9193267C54B}.Release|x86.Build.0 = Release|x86
		{ECE016D4-D19B-4E2A-B1ED-2D41289C8D0E}.Debug|Any CPU.ActiveCfg = Debug|Any CPU
		{ECE016D4-D19B-4E2A-B1ED-2D41289C8D0E}.Debug|Any CPU.Build.0 = Debug|Any CPU
		{ECE016D4-D19B-4E2A-B1ED-2D41289C8D0E}.Debug|x86.ActiveCfg = Debug|Any CPU
		{ECE016D4-D19B-4E2A-B1ED-2D41289C8D0E}.Release|Any CPU.ActiveCfg = Release|Any CPU
		{ECE016D4-D19B-4E2A-B1ED-2D41289C8D0E}.Release|Any CPU.Build.0 = Release|Any CPU
		{ECE016D4-D19B-4E2A-B1ED-2D41289C8D0E}.Release|x86.ActiveCfg = Release|Any CPU
		{1C1424C9-D1C3-40C4-8A26-50792AEDE3BE}.Debug|Any CPU.ActiveCfg = Debug|Any CPU
		{1C1424C9-D1C3-40C4-8A26-50792AEDE3BE}.Debug|Any CPU.Build.0 = Debug|Any CPU
		{1C1424C9-D1C3-40C4-8A26-50792AEDE3BE}.Debug|x86.ActiveCfg = Debug|Any CPU
		{1C1424C9-D1C3-40C4-8A26-50792AEDE3BE}.Release|Any CPU.ActiveCfg = Release|Any CPU
		{1C1424C9-D1C3-40C4-8A26-50792AEDE3BE}.Release|Any CPU.Build.0 = Release|Any CPU
		{1C1424C9-D1C3-40C4-8A26-50792AEDE3BE}.Release|x86.ActiveCfg = Release|Any CPU
		{E50CBED6-251B-4552-B400-073BF4372961}.Debug|Any CPU.ActiveCfg = Debug
		{E50CBED6-251B-4552-B400-073BF4372961}.Debug|x86.ActiveCfg = Debug
		{E50CBED6-251B-4552-B400-073BF4372961}.Release|Any CPU.ActiveCfg = Release
		{E50CBED6-251B-4552-B400-073BF4372961}.Release|Any CPU.Build.0 = Release
		{E50CBED6-251B-4552-B400-073BF4372961}.Release|x86.ActiveCfg = Release
		{9C8F6001-FD55-49C2-9D21-99683F886004}.Debug|Any CPU.ActiveCfg = Debug
		{9C8F6001-FD55-49C2-9D21-99683F886004}.Debug|x86.ActiveCfg = Debug
		{9C8F6001-FD55-49C2-9D21-99683F886004}.Release|Any CPU.ActiveCfg = Release
		{9C8F6001-FD55-49C2-9D21-99683F886004}.Release|Any CPU.Build.0 = Release
		{9C8F6001-FD55-49C2-9D21-99683F886004}.Release|x86.ActiveCfg = Release
	EndGlobalSection
	GlobalSection(SolutionProperties) = preSolution
		HideSolutionNode = FALSE
	EndGlobalSection
EndGlobal
